{
  "nodes": {
    "emacs": {
      "locked": {
        "lastModified": 1613507235,
        "narHash": "sha256-0s5Y0oq8aK6B4qnGH9vTEMQLFTXw+s02mvgDHjQGyTU=",
        "owner": "nix-community",
        "repo": "emacs-overlay",
        "rev": "4f22dc30db6717640a3baf65ef2a4d2a96621b24",
        "type": "github"
      },
      "original": {
        "owner": "nix-community",
        "repo": "emacs-overlay",
        "type": "github"
      }
    },
    "flake-utils": {
      "locked": {
        "lastModified": 1609246779,
        "narHash": "sha256-eq6ZXE/VWo3EMC65jmIT6H/rrUc9UWOWVujkzav025k=",
        "owner": "numtide",
        "repo": "flake-utils",
        "rev": "08c7ad4a0844adc4a7f9f5bb3beae482e789afa4",
        "type": "github"
      },
      "original": {
        "owner": "numtide",
        "repo": "flake-utils",
        "type": "github"
      }
    },
    "home": {
      "inputs": {
        "nixpkgs": [
          "nixpkgs"
        ]
      },
      "locked": {
        "lastModified": 1613153184,
        "narHash": "sha256-9ZIBmZuEjcxWON6zeEzCUfobTf/WTVQVOdg3gyNfhTw=",
        "owner": "nix-community",
        "repo": "home-manager",
        "rev": "1ee1d01daa19b3a6d16b5fb680c31a2bc110ce24",
        "type": "github"
      },
      "original": {
        "owner": "nix-community",
        "repo": "home-manager",
        "type": "github"
      }
    },
    "nixpkgs": {
      "locked": {
        "lastModified": 1613226215,
        "narHash": "sha256-3rA5cGIrBHD6yeKhNhsF7/t461ww25oJY8KyBb0IhjU=",
        "owner": "nixos",
        "repo": "nixpkgs",
        "rev": "ff96a0fa5635770390b184ae74debea75c3fd534",
        "type": "github"
      },
      "original": {
        "owner": "nixos",
        "ref": "nixos-unstable",
        "repo": "nixpkgs",
        "type": "github"
      }
    },
    "nixpkgs-fork": {
      "locked": {
        "lastModified": 1613389753,
        "narHash": "sha256-+gqL5UcchgOitoiZKU4uhjalITOYjGsBBwsPLrdymec=",
        "owner": "fortuneteller2k",
        "repo": "nixpkgs",
        "rev": "a581344e3999c4d7fe886326f997c957924cb4f5",
        "type": "github"
      },
      "original": {
        "owner": "fortuneteller2k",
        "ref": "add-xanmod-kernel",
        "repo": "nixpkgs",
        "type": "github"
      }
    },
    "nixpkgs-master": {
      "locked": {
        "lastModified": 1613515556,
        "narHash": "sha256-KIXlBoqe46Fb5GApURa3b21jC0mtbg32Df6qdUk7FZY=",
        "owner": "nixos",
        "repo": "nixpkgs",
        "rev": "01a7784022498844f054b8310f996f812fd7bce3",
        "type": "github"
      },
      "original": {
        "owner": "nixos",
        "ref": "master",
        "repo": "nixpkgs",
        "type": "github"
      }
    },
    "nixpkgs_2": {
      "locked": {
        "lastModified": 1609079092,
        "narHash": "sha256-KhyKfxBHtZlAgudpZ0EJVzeuqROjKfVOwj8j0cuhU50=",
        "path": "/nix/store/5pmay8rdvgw5ml1xi6189xhdbygc850k-source",
        "rev": "2f47650c2f28d87f86ab807b8a339c684d91ec56",
        "type": "path"
      },
      "original": {
        "id": "nixpkgs",
        "type": "indirect"
      }
    },
    "root": {
      "inputs": {
        "emacs": "emacs",
        "home": "home",
        "nixpkgs": "nixpkgs",
        "nixpkgs-fork": "nixpkgs-fork",
        "nixpkgs-master": "nixpkgs-master",
        "rust": "rust"
      }
    },
    "rust": {
      "inputs": {
        "flake-utils": "flake-utils",
        "nixpkgs": "nixpkgs_2"
      },
      "locked": {
        "lastModified": 1613442370,
        "narHash": "sha256-rHobFEX8c9Ucc13l5v0jaHkWfgfzAWd1lDgcgo81MOE=",
        "owner": "oxalica",
        "repo": "rust-overlay",
        "rev": "a1c5f888864581295acc6f2fbd08c12190876c3d",
        "type": "github"
      },
      "original": {
        "owner": "oxalica",
        "repo": "rust-overlay",
        "type": "github"
      }
    }
  },
  "root": "root",
  "version": 7
}
