{
  "nodes": {
    "emacs-overlay": {
      "locked": {
        "lastModified": 1608077986,
        "narHash": "sha256-q5xhM48QzmriAniWiWdaaYzsJ6PXzW5eQTWlVr157rw=",
        "owner": "nix-community",
        "repo": "emacs-overlay",
        "rev": "f212cd571cad4b687fbd4e01a729f46cf3786d51",
        "type": "github"
      },
      "original": {
        "owner": "nix-community",
        "repo": "emacs-overlay",
        "type": "github"
      }
    },
    "home": {
      "inputs": {
        "nixpkgs": [
          "nixpkgs"
        ]
      },
      "locked": {
        "lastModified": 1608053956,
        "narHash": "sha256-q92nhM/j5tuOtfZ4qz87DRQfamOpTpWwzpDioakihZk=",
        "owner": "nix-community",
        "repo": "home-manager",
        "rev": "66a68b4a58f7c554bd7746acd51ff7cc02840b0a",
        "type": "github"
      },
      "original": {
        "owner": "nix-community",
        "repo": "home-manager",
        "type": "github"
      }
    },
    "nixpkgs": {
      "locked": {
        "lastModified": 1607690238,
        "narHash": "sha256-9QFXxj6pjmHr+950E3/gXo9cz50l0AbFCHZR5eixkXw=",
        "owner": "nixos",
        "repo": "nixpkgs",
        "rev": "8006772a054ce57ca18c5955dcd6ec9a62577473",
        "type": "github"
      },
      "original": {
        "owner": "nixos",
        "ref": "nixpkgs-unstable",
        "repo": "nixpkgs",
        "type": "github"
      }
    },
    "nur": {
      "locked": {
        "lastModified": 1608111762,
        "narHash": "sha256-LkgD86rj4ZqLv63dFSsZYkGyW30hwZ7teAM+W6kGV2A=",
        "owner": "nix-community",
        "repo": "NUR",
        "rev": "3823f040951b8223290608ac33f85ce72ef687c9",
        "type": "github"
      },
      "original": {
        "owner": "nix-community",
        "repo": "NUR",
        "type": "github"
      }
    },
    "root": {
      "inputs": {
        "emacs-overlay": "emacs-overlay",
        "home": "home",
        "nixpkgs": "nixpkgs",
        "nur": "nur"
      }
    }
  },
  "root": "root",
  "version": 7
}
