{
  "nodes": {
    "cachix": {
      "locked": {
        "lastModified": 1611910458,
        "narHash": "sha256-//j54S14v9lp3YKizS1WZW3WKwLjGTzvwhHfUAaRBPQ=",
        "owner": "nixos",
        "repo": "nixpkgs",
        "rev": "6e7f25001fe6874f7ae271891f709bbf50a22c45",
        "type": "github"
      },
      "original": {
        "owner": "nixos",
        "ref": "nixos-20.09",
        "repo": "nixpkgs",
        "type": "github"
      }
    },
    "emacs": {
      "locked": {
        "lastModified": 1612080808,
        "narHash": "sha256-qc1LNgwcRAB0IYPmcZF+kyLSHr+OZvCm0ppWmvoWfRk=",
        "owner": "nix-community",
        "repo": "emacs-overlay",
        "rev": "3ae61d74edae44f6519108ba19449320fa3b9a0d",
        "type": "github"
      },
      "original": {
        "owner": "nix-community",
        "repo": "emacs-overlay",
        "type": "github"
      }
    },
    "flake-utils": {
      "locked": {
        "lastModified": 1609246779,
        "narHash": "sha256-eq6ZXE/VWo3EMC65jmIT6H/rrUc9UWOWVujkzav025k=",
        "owner": "numtide",
        "repo": "flake-utils",
        "rev": "08c7ad4a0844adc4a7f9f5bb3beae482e789afa4",
        "type": "github"
      },
      "original": {
        "owner": "numtide",
        "repo": "flake-utils",
        "type": "github"
      }
    },
    "hardware": {
      "locked": {
        "lastModified": 1611383797,
        "narHash": "sha256-FIpG2f4+d9UsXCogBTswoPjD/aWZ3dvV5TZjqlL4gyM=",
        "owner": "NixOS",
        "repo": "nixos-hardware",
        "rev": "a0d8383c422f85f37fccee5af74b1cb4b52287d9",
        "type": "github"
      },
      "original": {
        "owner": "NixOS",
        "ref": "master",
        "repo": "nixos-hardware",
        "type": "github"
      }
    },
    "home": {
      "inputs": {
        "nixpkgs": [
          "nixpkgs"
        ]
      },
      "locked": {
        "lastModified": 1611994408,
        "narHash": "sha256-9lF/96lCtwJXE9r9r3gVbFX4tVa85nyG93oRfweDkEo=",
        "owner": "nix-community",
        "repo": "home-manager",
        "rev": "98d030f723e0a4a446e56b276573efb8bef422f5",
        "type": "github"
      },
      "original": {
        "owner": "nix-community",
        "repo": "home-manager",
        "type": "github"
      }
    },
    "nixpkgs": {
      "locked": {
        "lastModified": 1611947066,
        "narHash": "sha256-HCLffvNxlHWb/V7WOqrdOnMn14F8L1A7ioKlSizDde8=",
        "owner": "nixos",
        "repo": "nixpkgs",
        "rev": "417b19df406ae6106d80a6c551787cd13d0299dd",
        "type": "github"
      },
      "original": {
        "owner": "nixos",
        "ref": "nixpkgs-unstable",
        "repo": "nixpkgs",
        "type": "github"
      }
    },
    "nixpkgs_2": {
      "locked": {
        "lastModified": 1609079092,
        "narHash": "sha256-KhyKfxBHtZlAgudpZ0EJVzeuqROjKfVOwj8j0cuhU50=",
        "path": "/nix/store/5pmay8rdvgw5ml1xi6189xhdbygc850k-source",
        "rev": "2f47650c2f28d87f86ab807b8a339c684d91ec56",
        "type": "path"
      },
      "original": {
        "id": "nixpkgs",
        "type": "indirect"
      }
    },
    "nixpkgs_3": {
      "locked": {
        "lastModified": 1611575689,
        "narHash": "sha256-z2rNP3zdVnGxp9iV2Rbn0/LLKhk47DZQKxDkpYFLI7M=",
        "owner": "nixos",
        "repo": "nixpkgs",
        "rev": "891f607d5301d6730cb1f9dcf3618bcb1ab7f10e",
        "type": "github"
      },
      "original": {
        "owner": "nixos",
        "ref": "nixos-unstable",
        "repo": "nixpkgs",
        "type": "github"
      }
    },
    "nur": {
      "locked": {
        "lastModified": 1612092391,
        "narHash": "sha256-1EyOqYMmDFsa1qtu3aCT+eKTL/+/aWvlouyokYbDDhY=",
        "owner": "nix-community",
        "repo": "NUR",
        "rev": "9d3695ccff2db69ae5730daa7e161b345d39b1fe",
        "type": "github"
      },
      "original": {
        "owner": "nix-community",
        "repo": "NUR",
        "type": "github"
      }
    },
    "root": {
      "inputs": {
        "emacs": "emacs",
        "hardware": "hardware",
        "home": "home",
        "nixpkgs": "nixpkgs",
        "nur": "nur",
        "rust": "rust",
        "wayland": "wayland"
      }
    },
    "rust": {
      "inputs": {
        "flake-utils": "flake-utils",
        "nixpkgs": "nixpkgs_2"
      },
      "locked": {
        "lastModified": 1612060678,
        "narHash": "sha256-QN74byKLEtzn+4J5w0NmXEZodN3qc7l1gbpbXJL0+A4=",
        "owner": "oxalica",
        "repo": "rust-overlay",
        "rev": "638f88cfca56ce9712da15a3aead9795bf4fd995",
        "type": "github"
      },
      "original": {
        "owner": "oxalica",
        "repo": "rust-overlay",
        "type": "github"
      }
    },
    "unstableSmall": {
      "locked": {
        "lastModified": 1612039595,
        "narHash": "sha256-L2Y6P8SUhujcSum+enqwYbMTKzfdfgzy8RJM0B/aWIE=",
        "owner": "nixos",
        "repo": "nixpkgs",
        "rev": "fccda5aae6659e8abce91503194d618c2bfc6e59",
        "type": "github"
      },
      "original": {
        "owner": "nixos",
        "ref": "nixos-unstable-small",
        "repo": "nixpkgs",
        "type": "github"
      }
    },
    "wayland": {
      "inputs": {
        "cachix": "cachix",
        "nixpkgs": "nixpkgs_3",
        "unstableSmall": "unstableSmall"
      },
      "locked": {
        "lastModified": 1612087540,
        "narHash": "sha256-ylvo44Y2MSbpr4yReMRqjnj3pzwqYn4hyjDb1dPqQ5E=",
        "owner": "colemickens",
        "repo": "nixpkgs-wayland",
        "rev": "acb0d6f70f0d5116507b26f7b779fe7ebb7a74a6",
        "type": "github"
      },
      "original": {
        "owner": "colemickens",
        "repo": "nixpkgs-wayland",
        "type": "github"
      }
    }
  },
  "root": "root",
  "version": 7
}
