{
  "nodes": {
    "nixpkgs": {
      "locked": {
        "lastModified": 1607660847,
        "narHash": "sha256-hTjqlKirCgD8mhJHj5btJlhRdL3WTt2zi6x6MllDzwM=",
        "owner": "nixos",
        "repo": "nixpkgs",
        "rev": "2c0f6135aab77ff942b615228882c7dd996e0882",
        "type": "github"
      },
      "original": {
        "owner": "nixos",
        "ref": "nixpkgs-unstable",
        "repo": "nixpkgs",
        "type": "github"
      }
    },
    "root": {
      "inputs": {
        "nixpkgs": "nixpkgs"
      }
    }
  },
  "root": "root",
  "version": 7
}
